
Microsoft Visual Studio Solution File, Format Version 12.00
# Visual Studio Version 17
VisualStudioVersion = 17.14.36310.24
MinimumVisualStudioVersion = 10.0.40219.1
Project("{FAE04EC0-301F-11D3-BF4B-00C04F79EFBC}") = "WinInteropUtils", "WinInteropUtils.csproj", "{7EFFEAED-7EE1-49E3-BF2C-9D0648FA884D}"
EndProject
Project("{FAE04EC0-301F-11D3-BF4B-00C04F79EFBC}") = "WinInteropUtils Test App", "..\WinInteropUtils Test App\WinInteropUtils Test App.csproj", "{13293ACB-2F68-4491-BC9B-C2425D472547}"
EndProject
Global
	GlobalSection(SolutionConfigurationPlatforms) = preSolution
		Debug|Any CPU = Debug|Any CPU
		Release|Any CPU = Release|Any CPU
	EndGlobalSection
	GlobalSection(ProjectConfigurationPlatforms) = postSolution
		{7EFFEAED-7EE1-49E3-BF2C-9D0648FA884D}.Debug|Any CPU.ActiveCfg = Debug|Any CPU
		{7EFFEAED-7EE1-49E3-BF2C-9D0648FA884D}.Debug|Any CPU.Build.0 = Debug|Any CPU
		{7EFFEAED-7EE1-49E3-BF2C-9D0648FA884D}.Release|Any CPU.ActiveCfg = Release|Any CPU
		{7EFFEAED-7EE1-49E3-BF2C-9D0648FA884D}.Release|Any CPU.Build.0 = Release|Any CPU
		{13293ACB-2F68-4491-BC9B-C2425D472547}.Debug|Any CPU.ActiveCfg = Debug|Any CPU
		{13293ACB-2F68-4491-BC9B-C2425D472547}.Debug|Any CPU.Build.0 = Debug|Any CPU
		{13293ACB-2F68-4491-BC9B-C2425D472547}.Release|Any CPU.ActiveCfg = Release|Any CPU
		{13293ACB-2F68-4491-BC9B-C2425D472547}.Release|Any CPU.Build.0 = Release|Any CPU
	EndGlobalSection
	GlobalSection(SolutionProperties) = preSolution
		HideSolutionNode = FALSE
	EndGlobalSection
	GlobalSection(ExtensibilityGlobals) = postSolution
		SolutionGuid = {F6393BC9-483B-42AF-9D63-358987D342C0}
	EndGlobalSection
EndGlobal
